
Microsoft Visual Studio Solution File, Format Version 12.00
# Visual Studio Version 17
VisualStudioVersion = 17.0.31919.166
MinimumVisualStudioVersion = 10.0.40219.1
Project("{9A19103F-16F7-4668-BE54-9A1E7A4F7556}") = "Project", "Project\Project.csproj", "{63343311-9AD2-4099-A164-70A20F32AA2F}"
EndProject
Global
	GlobalSection(SolutionConfigurationPlatforms) = preSolution
		Debug|Any CPU = Debug|Any CPU
		Release|Any CPU = Release|Any CPU
	EndGlobalSection
	GlobalSection(ProjectConfigurationPlatforms) = postSolution
		{63343311-9AD2-4099-A164-70A20F32AA2F}.Debug|Any CPU.ActiveCfg = Debug|Any CPU
		{63343311-9AD2-4099-A164-70A20F32AA2F}.Debug|Any CPU.Build.0 = Debug|Any CPU
		{63343311-9AD2-4099-A164-70A20F32AA2F}.Release|Any CPU.ActiveCfg = Release|Any CPU
		{63343311-9AD2-4099-A164-70A20F32AA2F}.Release|Any CPU.Build.0 = Release|Any CPU
	EndGlobalSection
	GlobalSection(SolutionProperties) = preSolution
		HideSolutionNode = FALSE
	EndGlobalSection
	GlobalSection(ExtensibilityGlobals) = postSolution
		SolutionGuid = {56F636DB-E975-446C-B296-C8ED7EBF232A}
	EndGlobalSection
EndGlobal
