
Microsoft Visual Studio Solution File, Format Version 12.00
# Visual Studio Version 17
VisualStudioVersion = 17.0.31919.166
MinimumVisualStudioVersion = 10.0.40219.1
Project("{FAE04EC0-301F-11D3-BF4B-00C04F79EFBC}") = "App2.Android", "App2\App2.Android\App2.Android.csproj", "{9F5CFAC7-5680-49E5-A857-06E574AAEFFA}"
EndProject
Project("{FAE04EC0-301F-11D3-BF4B-00C04F79EFBC}") = "App2.iOS", "App2\App2.iOS\App2.iOS.csproj", "{FA3E2709-014A-4186-AE8B-4CF45602078A}"
EndProject
Project("{FAE04EC0-301F-11D3-BF4B-00C04F79EFBC}") = "App2", "App2\App2\App2.csproj", "{C4CFA9BC-45C0-4215-9DFA-E789588AF989}"
EndProject
Global
	GlobalSection(SolutionConfigurationPlatforms) = preSolution
		Debug|Any CPU = Debug|Any CPU
		Debug|iPhone = Debug|iPhone
		Debug|iPhoneSimulator = Debug|iPhoneSimulator
		Release|Any CPU = Release|Any CPU
		Release|iPhone = Release|iPhone
		Release|iPhoneSimulator = Release|iPhoneSimulator
	EndGlobalSection
	GlobalSection(ProjectConfigurationPlatforms) = postSolution
		{9F5CFAC7-5680-49E5-A857-06E574AAEFFA}.Debug|Any CPU.ActiveCfg = Debug|Any CPU
		{9F5CFAC7-5680-49E5-A857-06E574AAEFFA}.Debug|Any CPU.Build.0 = Debug|Any CPU
		{9F5CFAC7-5680-49E5-A857-06E574AAEFFA}.Debug|Any CPU.Deploy.0 = Debug|Any CPU
		{9F5CFAC7-5680-49E5-A857-06E574AAEFFA}.Debug|iPhone.ActiveCfg = Debug|Any CPU
		{9F5CFAC7-5680-49E5-A857-06E574AAEFFA}.Debug|iPhone.Build.0 = Debug|Any CPU
		{9F5CFAC7-5680-49E5-A857-06E574AAEFFA}.Debug|iPhone.Deploy.0 = Debug|Any CPU
		{9F5CFAC7-5680-49E5-A857-06E574AAEFFA}.Debug|iPhoneSimulator.ActiveCfg = Debug|Any CPU
		{9F5CFAC7-5680-49E5-A857-06E574AAEFFA}.Debug|iPhoneSimulator.Build.0 = Debug|Any CPU
		{9F5CFAC7-5680-49E5-A857-06E574AAEFFA}.Debug|iPhoneSimulator.Deploy.0 = Debug|Any CPU
		{9F5CFAC7-5680-49E5-A857-06E574AAEFFA}.Release|Any CPU.ActiveCfg = Release|Any CPU
		{9F5CFAC7-5680-49E5-A857-06E574AAEFFA}.Release|Any CPU.Build.0 = Release|Any CPU
		{9F5CFAC7-5680-49E5-A857-06E574AAEFFA}.Release|Any CPU.Deploy.0 = Release|Any CPU
		{9F5CFAC7-5680-49E5-A857-06E574AAEFFA}.Release|iPhone.ActiveCfg = Release|Any CPU
		{9F5CFAC7-5680-49E5-A857-06E574AAEFFA}.Release|iPhone.Build.0 = Release|Any CPU
		{9F5CFAC7-5680-49E5-A857-06E574AAEFFA}.Release|iPhone.Deploy.0 = Release|Any CPU
		{9F5CFAC7-5680-49E5-A857-06E574AAEFFA}.Release|iPhoneSimulator.ActiveCfg = Release|Any CPU
		{9F5CFAC7-5680-49E5-A857-06E574AAEFFA}.Release|iPhoneSimulator.Build.0 = Release|Any CPU
		{9F5CFAC7-5680-49E5-A857-06E574AAEFFA}.Release|iPhoneSimulator.Deploy.0 = Release|Any CPU
		{FA3E2709-014A-4186-AE8B-4CF45602078A}.Debug|Any CPU.ActiveCfg = Debug|iPhone
		{FA3E2709-014A-4186-AE8B-4CF45602078A}.Debug|Any CPU.Build.0 = Debug|iPhone
		{FA3E2709-014A-4186-AE8B-4CF45602078A}.Debug|Any CPU.Deploy.0 = Debug|iPhone
		{FA3E2709-014A-4186-AE8B-4CF45602078A}.Debug|iPhone.ActiveCfg = Debug|iPhone
		{FA3E2709-014A-4186-AE8B-4CF45602078A}.Debug|iPhone.Build.0 = Debug|iPhone
		{FA3E2709-014A-4186-AE8B-4CF45602078A}.Debug|iPhone.Deploy.0 = Debug|iPhone
		{FA3E2709-014A-4186-AE8B-4CF45602078A}.Debug|iPhoneSimulator.ActiveCfg = Debug|iPhoneSimulator
		{FA3E2709-014A-4186-AE8B-4CF45602078A}.Debug|iPhoneSimulator.Build.0 = Debug|iPhoneSimulator
		{FA3E2709-014A-4186-AE8B-4CF45602078A}.Debug|iPhoneSimulator.Deploy.0 = Debug|iPhoneSimulator
		{FA3E2709-014A-4186-AE8B-4CF45602078A}.Release|Any CPU.ActiveCfg = Release|iPhoneSimulator
		{FA3E2709-014A-4186-AE8B-4CF45602078A}.Release|Any CPU.Build.0 = Release|iPhoneSimulator
		{FA3E2709-014A-4186-AE8B-4CF45602078A}.Release|Any CPU.Deploy.0 = Release|iPhoneSimulator
		{FA3E2709-014A-4186-AE8B-4CF45602078A}.Release|iPhone.ActiveCfg = Release|iPhone
		{FA3E2709-014A-4186-AE8B-4CF45602078A}.Release|iPhone.Build.0 = Release|iPhone
		{FA3E2709-014A-4186-AE8B-4CF45602078A}.Release|iPhone.Deploy.0 = Release|iPhone
		{FA3E2709-014A-4186-AE8B-4CF45602078A}.Release|iPhoneSimulator.ActiveCfg = Release|iPhoneSimulator
		{FA3E2709-014A-4186-AE8B-4CF45602078A}.Release|iPhoneSimulator.Build.0 = Release|iPhoneSimulator
		{FA3E2709-014A-4186-AE8B-4CF45602078A}.Release|iPhoneSimulator.Deploy.0 = Release|iPhoneSimulator
		{C4CFA9BC-45C0-4215-9DFA-E789588AF989}.Debug|Any CPU.ActiveCfg = Debug|Any CPU
		{C4CFA9BC-45C0-4215-9DFA-E789588AF989}.Debug|Any CPU.Build.0 = Debug|Any CPU
		{C4CFA9BC-45C0-4215-9DFA-E789588AF989}.Debug|Any CPU.Deploy.0 = Debug|Any CPU
		{C4CFA9BC-45C0-4215-9DFA-E789588AF989}.Debug|iPhone.ActiveCfg = Debug|Any CPU
		{C4CFA9BC-45C0-4215-9DFA-E789588AF989}.Debug|iPhone.Build.0 = Debug|Any CPU
		{C4CFA9BC-45C0-4215-9DFA-E789588AF989}.Debug|iPhone.Deploy.0 = Debug|Any CPU
		{C4CFA9BC-45C0-4215-9DFA-E789588AF989}.Debug|iPhoneSimulator.ActiveCfg = Debug|Any CPU
		{C4CFA9BC-45C0-4215-9DFA-E789588AF989}.Debug|iPhoneSimulator.Build.0 = Debug|Any CPU
		{C4CFA9BC-45C0-4215-9DFA-E789588AF989}.Debug|iPhoneSimulator.Deploy.0 = Debug|Any CPU
		{C4CFA9BC-45C0-4215-9DFA-E789588AF989}.Release|Any CPU.ActiveCfg = Release|Any CPU
		{C4CFA9BC-45C0-4215-9DFA-E789588AF989}.Release|Any CPU.Build.0 = Release|Any CPU
		{C4CFA9BC-45C0-4215-9DFA-E789588AF989}.Release|Any CPU.Deploy.0 = Release|Any CPU
		{C4CFA9BC-45C0-4215-9DFA-E789588AF989}.Release|iPhone.ActiveCfg = Release|Any CPU
		{C4CFA9BC-45C0-4215-9DFA-E789588AF989}.Release|iPhone.Build.0 = Release|Any CPU
		{C4CFA9BC-45C0-4215-9DFA-E789588AF989}.Release|iPhone.Deploy.0 = Release|Any CPU
		{C4CFA9BC-45C0-4215-9DFA-E789588AF989}.Release|iPhoneSimulator.ActiveCfg = Release|Any CPU
		{C4CFA9BC-45C0-4215-9DFA-E789588AF989}.Release|iPhoneSimulator.Build.0 = Release|Any CPU
		{C4CFA9BC-45C0-4215-9DFA-E789588AF989}.Release|iPhoneSimulator.Deploy.0 = Release|Any CPU
	EndGlobalSection
	GlobalSection(SolutionProperties) = preSolution
		HideSolutionNode = FALSE
	EndGlobalSection
	GlobalSection(ExtensibilityGlobals) = postSolution
		SolutionGuid = {EFF080FA-4F62-41CC-9C92-1EAA0CB7A2E3}
	EndGlobalSection
EndGlobal
